
Microsoft Visual Studio Solution File, Format Version 12.00
# Visual Studio Version 17
VisualStudioVersion = 17.3.32922.545
MinimumVisualStudioVersion = 10.0.40219.1
Project("{FAE04EC0-301F-11D3-BF4B-00C04F79EFBC}") = "WpfWindowsStore", "WpfWindowsStore\WpfWindowsStore.csproj", "{288BFA49-B343-4E18-B85D-EE391E82268B}"
EndProject
Global
	GlobalSection(SolutionConfigurationPlatforms) = preSolution
		Debug|Any CPU = Debug|Any CPU
		Release|Any CPU = Release|Any CPU
	EndGlobalSection
	GlobalSection(ProjectConfigurationPlatforms) = postSolution
		{288BFA49-B343-4E18-B85D-EE391E82268B}.Debug|Any CPU.ActiveCfg = Debug|Any CPU
		{288BFA49-B343-4E18-B85D-EE391E82268B}.Debug|Any CPU.Build.0 = Debug|Any CPU
		{288BFA49-B343-4E18-B85D-EE391E82268B}.Release|Any CPU.ActiveCfg = Release|Any CPU
		{288BFA49-B343-4E18-B85D-EE391E82268B}.Release|Any CPU.Build.0 = Release|Any CPU
	EndGlobalSection
	GlobalSection(SolutionProperties) = preSolution
		HideSolutionNode = FALSE
	EndGlobalSection
	GlobalSection(ExtensibilityGlobals) = postSolution
		SolutionGuid = {1F697012-73E7-4BB4-8C65-D04A6467435B}
	EndGlobalSection
EndGlobal
